title: Zscaler Non-Categorizable Content Block
description: Detects when Zscaler blocks access to non-categorizable web content that cannot be classified into standard URL categories. This activity may indicate attempts to access newly registered domains, suspicious infrastructure, or content designed to evade traditional web filtering mechanisms. Monitoring these blocks helps identify potential security threats and ensures comprehensive web security coverage.
tags: []
logsource:
  definition: THIRDPARTY_THIRDPARTY
  category: THIRD_PARTY_LOG
  product: Zscaler
detection:
  mappingtable:
    category:
    - 'Non Categorizable'
    severity:
    - '3'
    act:
    - '*Blocked*'
  condition: mappingtable
level: info
taxonomy: tm-v1
